
Microsoft Visual Studio Solution File, Format Version 12.00
# Visual Studio 15
VisualStudioVersion = 15.0.26730.16
MinimumVisualStudioVersion = 10.0.40219.1
Project("{FAE04EC0-301F-11D3-BF4B-00C04F79EFBC}") = "TodoList", "TodoList\TodoList.csproj", "{F392743B-2D8C-4242-A314-52FA2CF8D7BD}"
EndProject
Project("{FAE04EC0-301F-11D3-BF4B-00C04F79EFBC}") = "TodoListFunctionality", "TodoListFunctionality\TodoListFunctionality.csproj", "{30D7A49A-B5BF-43AC-A26A-BF16187A691D}"
EndProject
Global
	GlobalSection(SolutionConfigurationPlatforms) = preSolution
		Debug|Any CPU = Debug|Any CPU
		Release|Any CPU = Release|Any CPU
	EndGlobalSection
	GlobalSection(ProjectConfigurationPlatforms) = postSolution
		{F392743B-2D8C-4242-A314-52FA2CF8D7BD}.Debug|Any CPU.ActiveCfg = Debug|Any CPU
		{F392743B-2D8C-4242-A314-52FA2CF8D7BD}.Debug|Any CPU.Build.0 = Debug|Any CPU
		{F392743B-2D8C-4242-A314-52FA2CF8D7BD}.Release|Any CPU.ActiveCfg = Release|Any CPU
		{F392743B-2D8C-4242-A314-52FA2CF8D7BD}.Release|Any CPU.Build.0 = Release|Any CPU
		{30D7A49A-B5BF-43AC-A26A-BF16187A691D}.Debug|Any CPU.ActiveCfg = Debug|Any CPU
		{30D7A49A-B5BF-43AC-A26A-BF16187A691D}.Debug|Any CPU.Build.0 = Debug|Any CPU
		{30D7A49A-B5BF-43AC-A26A-BF16187A691D}.Release|Any CPU.ActiveCfg = Release|Any CPU
		{30D7A49A-B5BF-43AC-A26A-BF16187A691D}.Release|Any CPU.Build.0 = Release|Any CPU
	EndGlobalSection
	GlobalSection(SolutionProperties) = preSolution
		HideSolutionNode = FALSE
	EndGlobalSection
	GlobalSection(ExtensibilityGlobals) = postSolution
		SolutionGuid = {9AEB12CA-BAB5-4022-AF8D-6F40C0ADC332}
	EndGlobalSection
EndGlobal
